# THIS IS AN AUTOGENERATED FILE. DO NOT EDIT THIS FILE DIRECTLY.
# yarn lockfile v1


graphql-ws@^5.5.5:
  version "5.5.5"
  resolved "https://registry.npmjs.org/graphql-ws/-/graphql-ws-5.5.5.tgz#f375486d3f196e2a2527b503644693ae3a8670a9"
  integrity sha512-hvyIS71vs4Tu/yUYHPvGXsTgo0t3arU820+lT5VjZS2go0ewp2LqyCgxEN56CzOG7Iys52eRhHBiD1gGRdiQtw==

ws@^8.2.3:
  version "8.2.3"
  resolved "https://registry.npmjs.org/ws/-/ws-8.2.3.tgz#63a56456db1b04367d0b721a0b80cae6d8becbba"
  integrity sha512-wBuoj1BDpC6ZQ1B7DWQBYVLphPWkm8i9Y0/3YdHjHKHiohOJ1ws+3OccDWtH+PoC9DZD5WOTrJvNbWvjS6JWaA==
